// !$*UTF8*$!
{
	archiveVersion = 1;
	classes = {
	};
	objectVersion = 46;
	objects = {

/* Begin PBXBuildFile section */
		6343CA231D97B9F9000001FF /* SentMemesTableViewCell.swift in Sources */ = {isa = PBXBuildFile; fileRef = 6343CA221D97B9F9000001FF /* SentMemesTableViewCell.swift */; };
		6343CA251D97BA15000001FF /* SentMemesTableViewCellController.swift in Sources */ = {isa = PBXBuildFile; fileRef = 6343CA241D97BA15000001FF /* SentMemesTableViewCellController.swift */; };
		6361E9A81D649586001E738A /* Meme.swift in Sources */ = {isa = PBXBuildFile; fileRef = 6361E9A71D649586001E738A /* Meme.swift */; };
		637146741D649C4500806643 /* MemeEditorViewController.swift in Sources */ = {isa = PBXBuildFile; fileRef = 637146731D649C4500806643 /* MemeEditorViewController.swift */; };
		637146761D64ABC400806643 /* SentMemesCollectionViewController.swift in Sources */ = {isa = PBXBuildFile; fileRef = 637146751D64ABC400806643 /* SentMemesCollectionViewController.swift */; };
		63B33E231D69EE4B00068B4C /* SentMemesCollectionViewCell.swift in Sources */ = {isa = PBXBuildFile; fileRef = 63B33E221D69EE4B00068B4C /* SentMemesCollectionViewCell.swift */; };
		F247A0D41D118B89008645DF /* AppDelegate.swift in Sources */ = {isa = PBXBuildFile; fileRef = F247A0D31D118B89008645DF /* AppDelegate.swift */; };
		F247A0D91D118B89008645DF /* Main.storyboard in Resources */ = {isa = PBXBuildFile; fileRef = F247A0D71D118B89008645DF /* Main.storyboard */; };
		F247A0DB1D118B8B008645DF /* Assets.xcassets in Resources */ = {isa = PBXBuildFile; fileRef = F247A0DA1D118B8B008645DF /* Assets.xcassets */; };
		F247A0DE1D118B8B008645DF /* LaunchScreen.storyboard in Resources */ = {isa = PBXBuildFile; fileRef = F247A0DC1D118B8B008645DF /* LaunchScreen.storyboard */; };
		F247A0E91D118B8C008645DF /* MemeMeTests.swift in Sources */ = {isa = PBXBuildFile; fileRef = F247A0E81D118B8C008645DF /* MemeMeTests.swift */; };
		F247A0F41D118B8C008645DF /* MemeMeUITests.swift in Sources */ = {isa = PBXBuildFile; fileRef = F247A0F31D118B8C008645DF /* MemeMeUITests.swift */; };
/* End PBXBuildFile section */

/* Begin PBXContainerItemProxy section */
		F247A0E51D118B8C008645DF /* PBXContainerItemProxy */ = {
			isa = PBXContainerItemProxy;
			containerPortal = F247A0C81D118B89008645DF /* Project object */;
			proxyType = 1;
			remoteGlobalIDString = F247A0CF1D118B89008645DF;
			remoteInfo = MemeMe;
		};
		F247A0F01D118B8C008645DF /* PBXContainerItemProxy */ = {
			isa = PBXContainerItemProxy;
			containerPortal = F247A0C81D118B89008645DF /* Project object */;
			proxyType = 1;
			remoteGlobalIDString = F247A0CF1D118B89008645DF;
			remoteInfo = MemeMe;
		};
/* End PBXContainerItemProxy section */

/* Begin PBXFileReference section */
		6343CA221D97B9F9000001FF /* SentMemesTableViewCell.swift */ = {isa = PBXFileReference; fileEncoding = 4; lastKnownFileType = sourcecode.swift; path = SentMemesTableViewCell.swift; sourceTree = "<group>"; };
		6343CA241D97BA15000001FF /* SentMemesTableViewCellController.swift */ = {isa = PBXFileReference; fileEncoding = 4; lastKnownFileType = sourcecode.swift; path = SentMemesTableViewCellController.swift; sourceTree = "<group>"; };
		6361E9A71D649586001E738A /* Meme.swift */ = {isa = PBXFileReference; fileEncoding = 4; lastKnownFileType = sourcecode.swift; path = Meme.swift; sourceTree = "<group>"; };
		637146731D649C4500806643 /* MemeEditorViewController.swift */ = {isa = PBXFileReference; fileEncoding = 4; lastKnownFileType = sourcecode.swift; path = MemeEditorViewController.swift; sourceTree = "<group>"; };
		637146751D64ABC400806643 /* SentMemesCollectionViewController.swift */ = {isa = PBXFileReference; fileEncoding = 4; lastKnownFileType = sourcecode.swift; path = SentMemesCollectionViewController.swift; sourceTree = "<group>"; };
		63B33E221D69EE4B00068B4C /* SentMemesCollectionViewCell.swift */ = {isa = PBXFileReference; fileEncoding = 4; lastKnownFileType = sourcecode.swift; path = SentMemesCollectionViewCell.swift; sourceTree = "<group>"; };
		F247A0D01D118B89008645DF /* MemeMe.app */ = {isa = PBXFileReference; explicitFileType = wrapper.application; includeInIndex = 0; path = MemeMe.app; sourceTree = BUILT_PRODUCTS_DIR; };
		F247A0D31D118B89008645DF /* AppDelegate.swift */ = {isa = PBXFileReference; lastKnownFileType = sourcecode.swift; path = AppDelegate.swift; sourceTree = "<group>"; };
		F247A0D81D118B89008645DF /* Base */ = {isa = PBXFileReference; lastKnownFileType = file.storyboard; name = Base; path = Base.lproj/Main.storyboard; sourceTree = "<group>"; };
		F247A0DA1D118B8B008645DF /* Assets.xcassets */ = {isa = PBXFileReference; lastKnownFileType = folder.assetcatalog; path = Assets.xcassets; sourceTree = "<group>"; };
		F247A0DD1D118B8B008645DF /* Base */ = {isa = PBXFileReference; lastKnownFileType = file.storyboard; name = Base; path = Base.lproj/LaunchScreen.storyboard; sourceTree = "<group>"; };
		F247A0DF1D118B8B008645DF /* Info.plist */ = {isa = PBXFileReference; lastKnownFileType = text.plist.xml; path = Info.plist; sourceTree = "<group>"; };
		F247A0E41D118B8C008645DF /* MemeMeTests.xctest */ = {isa = PBXFileReference; explicitFileType = wrapper.cfbundle; includeInIndex = 0; path = MemeMeTests.xctest; sourceTree = BUILT_PRODUCTS_DIR; };
		F247A0E81D118B8C008645DF /* MemeMeTests.swift */ = {isa = PBXFileReference; lastKnownFileType = sourcecode.swift; path = MemeMeTests.swift; sourceTree = "<group>"; };
		F247A0EA1D118B8C008645DF /* Info.plist */ = {isa = PBXFileReference; lastKnownFileType = text.plist.xml; path = Info.plist; sourceTree = "<group>"; };
		F247A0EF1D118B8C008645DF /* MemeMeUITests.xctest */ = {isa = PBXFileReference; explicitFileType = wrapper.cfbundle; includeInIndex = 0; path = MemeMeUITests.xctest; sourceTree = BUILT_PRODUCTS_DIR; };
		F247A0F31D118B8C008645DF /* MemeMeUITests.swift */ = {isa = PBXFileReference; lastKnownFileType = sourcecode.swift; path = MemeMeUITests.swift; sourceTree = "<group>"; };
		F247A0F51D118B8C008645DF /* Info.plist */ = {isa = PBXFileReference; lastKnownFileType = text.plist.xml; path = Info.plist; sourceTree = "<group>"; };
/* End PBXFileReference section */

/* Begin PBXFrameworksBuildPhase section */
		F247A0CD1D118B89008645DF /* Frameworks */ = {
			isa = PBXFrameworksBuildPhase;
			buildActionMask = 2147483647;
			files = (
			);
			runOnlyForDeploymentPostprocessing = 0;
		};
		F247A0E11D118B8C008645DF /* Frameworks */ = {
			isa = PBXFrameworksBuildPhase;
			buildActionMask = 2147483647;
			files = (
			);
			runOnlyForDeploymentPostprocessing = 0;
		};
		F247A0EC1D118B8C008645DF /* Frameworks */ = {
			isa = PBXFrameworksBuildPhase;
			buildActionMask = 2147483647;
			files = (
			);
			runOnlyForDeploymentPostprocessing = 0;
		};
/* End PBXFrameworksBuildPhase section */

/* Begin PBXGroup section */
		F247A0C71D118B89008645DF = {
			isa = PBXGroup;
			children = (
				F247A0D21D118B89008645DF /* MemeMe */,
				F247A0F21D118B8C008645DF /* MemeMeUITests */,
				F247A0E71D118B8C008645DF /* MemeMeTests */,
				F247A0D11D118B89008645DF /* Products */,
			);
			sourceTree = "<group>";
		};
		F247A0D11D118B89008645DF /* Products */ = {
			isa = PBXGroup;
			children = (
				F247A0D01D118B89008645DF /* MemeMe.app */,
				F247A0E41D118B8C008645DF /* MemeMeTests.xctest */,
				F247A0EF1D118B8C008645DF /* MemeMeUITests.xctest */,
			);
			name = Products;
			sourceTree = "<group>";
		};
		F247A0D21D118B89008645DF /* MemeMe */ = {
			isa = PBXGroup;
			children = (
				F247A0DA1D118B8B008645DF /* Assets.xcassets */,
				F247A0D71D118B89008645DF /* Main.storyboard */,
				F247A0DC1D118B8B008645DF /* LaunchScreen.storyboard */,
				F247A0DF1D118B8B008645DF /* Info.plist */,
				F247A0D31D118B89008645DF /* AppDelegate.swift */,
				6361E9A71D649586001E738A /* Meme.swift */,
				637146731D649C4500806643 /* MemeEditorViewController.swift */,
				63B33E221D69EE4B00068B4C /* SentMemesCollectionViewCell.swift */,
				637146751D64ABC400806643 /* SentMemesCollectionViewController.swift */,
				6343CA221D97B9F9000001FF /* SentMemesTableViewCell.swift */,
				6343CA241D97BA15000001FF /* SentMemesTableViewCellController.swift */,
			);
			path = MemeMe;
			sourceTree = "<group>";
		};
		F247A0E71D118B8C008645DF /* MemeMeTests */ = {
			isa = PBXGroup;
			children = (
				F247A0E81D118B8C008645DF /* MemeMeTests.swift */,
				F247A0EA1D118B8C008645DF /* Info.plist */,
			);
			path = MemeMeTests;
			sourceTree = "<group>";
		};
		F247A0F21D118B8C008645DF /* MemeMeUITests */ = {
			isa = PBXGroup;
			children = (
				F247A0F31D118B8C008645DF /* MemeMeUITests.swift */,
				F247A0F51D118B8C008645DF /* Info.plist */,
			);
			path = MemeMeUITests;
			sourceTree = "<group>";
		};
/* End PBXGroup section */

/* Begin PBXNativeTarget section */
		F247A0CF1D118B89008645DF /* MemeMe */ = {
			isa = PBXNativeTarget;
			buildConfigurationList = F247A0F81D118B8C008645DF /* Build configuration list for PBXNativeTarget "MemeMe" */;
			buildPhases = (
				F247A0CC1D118B89008645DF /* Sources */,
				F247A0CD1D118B89008645DF /* Frameworks */,
				F247A0CE1D118B89008645DF /* Resources */,
			);
			buildRules = (
			);
			dependencies = (
			);
			name = MemeMe;
			productName = MemeMe;
			productReference = F247A0D01D118B89008645DF /* MemeMe.app */;
			productType = "com.apple.product-type.application";
		};
		F247A0E31D118B8C008645DF /* MemeMeTests */ = {
			isa = PBXNativeTarget;
			buildConfigurationList = F247A0FB1D118B8C008645DF /* Build configuration list for PBXNativeTarget "MemeMeTests" */;
			buildPhases = (
				F247A0E01D118B8C008645DF /* Sources */,
				F247A0E11D118B8C008645DF /* Frameworks */,
				F247A0E21D118B8C008645DF /* Resources */,
			);
			buildRules = (
			);
			dependencies = (
				F247A0E61D118B8C008645DF /* PBXTargetDependency */,
			);
			name = MemeMeTests;
			productName = MemeMeTests;
			productReference = F247A0E41D118B8C008645DF /* MemeMeTests.xctest */;
			productType = "com.apple.product-type.bundle.unit-test";
		};
		F247A0EE1D118B8C008645DF /* MemeMeUITests */ = {
			isa = PBXNativeTarget;
			buildConfigurationList = F247A0FE1D118B8C008645DF /* Build configuration list for PBXNativeTarget "MemeMeUITests" */;
			buildPhases = (
				F247A0EB1D118B8C008645DF /* Sources */,
				F247A0EC1D118B8C008645DF /* Frameworks */,
				F247A0ED1D118B8C008645DF /* Resources */,
			);
			buildRules = (
			);
			dependencies = (
				F247A0F11D118B8C008645DF /* PBXTargetDependency */,
			);
			name = MemeMeUITests;
			productName = MemeMeUITests;
			productReference = F247A0EF1D118B8C008645DF /* MemeMeUITests.xctest */;
			productType = "com.apple.product-type.bundle.ui-testing";
		};
/* End PBXNativeTarget section */

/* Begin PBXProject section */
		F247A0C81D118B89008645DF /* Project object */ = {
			isa = PBXProject;
			attributes = {
				LastSwiftUpdateCheck = 0730;
				LastUpgradeCheck = 0730;
				ORGANIZATIONNAME = "Wataru Sekiguchi";
				TargetAttributes = {
					F247A0CF1D118B89008645DF = {
						CreatedOnToolsVersion = 7.3.1;
					};
					F247A0E31D118B8C008645DF = {
						CreatedOnToolsVersion = 7.3.1;
						TestTargetID = F247A0CF1D118B89008645DF;
					};
					F247A0EE1D118B8C008645DF = {
						CreatedOnToolsVersion = 7.3.1;
						TestTargetID = F247A0CF1D118B89008645DF;
					};
				};
			};
			buildConfigurationList = F247A0CB1D118B89008645DF /* Build configuration list for PBXProject "MemeMe" */;
			compatibilityVersion = "Xcode 3.2";
			developmentRegion = English;
			hasScannedForEncodings = 0;
			knownRegions = (
				en,
				Base,
			);
			mainGroup = F247A0C71D118B89008645DF;
			productRefGroup = F247A0D11D118B89008645DF /* Products */;
			projectDirPath = "";
			projectRoot = "";
			targets = (
				F247A0CF1D118B89008645DF /* MemeMe */,
				F247A0E31D118B8C008645DF /* MemeMeTests */,
				F247A0EE1D118B8C008645DF /* MemeMeUITests */,
			);
		};
/* End PBXProject section */

/* Begin PBXResourcesBuildPhase section */
		F247A0CE1D118B89008645DF /* Resources */ = {
			isa = PBXResourcesBuildPhase;
			buildActionMask = 2147483647;
			files = (
				F247A0DE1D118B8B008645DF /* LaunchScreen.storyboard in Resources */,
				F247A0DB1D118B8B008645DF /* Assets.xcassets in Resources */,
				F247A0D91D118B89008645DF /* Main.storyboard in Resources */,
			);
			runOnlyForDeploymentPostprocessing = 0;
		};
		F247A0E21D118B8C008645DF /* Resources */ = {
			isa = PBXResourcesBuildPhase;
			buildActionMask = 2147483647;
			files = (
			);
			runOnlyForDeploymentPostprocessing = 0;
		};
		F247A0ED1D118B8C008645DF /* Resources */ = {
			isa = PBXResourcesBuildPhase;
			buildActionMask = 2147483647;
			files = (
			);
			runOnlyForDeploymentPostprocessing = 0;
		};
/* End PBXResourcesBuildPhase section */

/* Begin PBXSourcesBuildPhase section */
		F247A0CC1D118B89008645DF /* Sources */ = {
			isa = PBXSourcesBuildPhase;
			buildActionMask = 2147483647;
			files = (
				63B33E231D69EE4B00068B4C /* SentMemesCollectionViewCell.swift in Sources */,
				6343CA231D97B9F9000001FF /* SentMemesTableViewCell.swift in Sources */,
				637146761D64ABC400806643 /* SentMemesCollectionViewController.swift in Sources */,
				6361E9A81D649586001E738A /* Meme.swift in Sources */,
				F247A0D41D118B89008645DF /* AppDelegate.swift in Sources */,
				637146741D649C4500806643 /* MemeEditorViewController.swift in Sources */,
				6343CA251D97BA15000001FF /* SentMemesTableViewCellController.swift in Sources */,
			);
			runOnlyForDeploymentPostprocessing = 0;
		};
		F247A0E01D118B8C008645DF /* Sources */ = {
			isa = PBXSourcesBuildPhase;
			buildActionMask = 2147483647;
			files = (
				F247A0E91D118B8C008645DF /* MemeMeTests.swift in Sources */,
			);
			runOnlyForDeploymentPostprocessing = 0;
		};
		F247A0EB1D118B8C008645DF /* Sources */ = {
			isa = PBXSourcesBuildPhase;
			buildActionMask = 2147483647;
			files = (
				F247A0F41D118B8C008645DF /* MemeMeUITests.swift in Sources */,
			);
			runOnlyForDeploymentPostprocessing = 0;
		};
/* End PBXSourcesBuildPhase section */

/* Begin PBXTargetDependency section */
		F247A0E61D118B8C008645DF /* PBXTargetDependency */ = {
			isa = PBXTargetDependency;
			target = F247A0CF1D118B89008645DF /* MemeMe */;
			targetProxy = F247A0E51D118B8C008645DF /* PBXContainerItemProxy */;
		};
		F247A0F11D118B8C008645DF /* PBXTargetDependency */ = {
			isa = PBXTargetDependency;
			target = F247A0CF1D118B89008645DF /* MemeMe */;
			targetProxy = F247A0F01D118B8C008645DF /* PBXContainerItemProxy */;
		};
/* End PBXTargetDependency section */

/* Begin PBXVariantGroup section */
		F247A0D71D118B89008645DF /* Main.storyboard */ = {
			isa = PBXVariantGroup;
			children = (
				F247A0D81D118B89008645DF /* Base */,
			);
			name = Main.storyboard;
			sourceTree = "<group>";
		};
		F247A0DC1D118B8B008645DF /* LaunchScreen.storyboard */ = {
			isa = PBXVariantGroup;
			children = (
				F247A0DD1D118B8B008645DF /* Base */,
			);
			name = LaunchScreen.storyboard;
			sourceTree = "<group>";
		};
/* End PBXVariantGroup section */

/* Begin XCBuildConfiguration section */
		F247A0F61D118B8C008645DF /* Debug */ = {
			isa = XCBuildConfiguration;
			buildSettings = {
				ALWAYS_SEARCH_USER_PATHS = NO;
				CLANG_ANALYZER_NONNULL = YES;
				CLANG_CXX_LANGUAGE_STANDARD = "gnu++0x";
				CLANG_CXX_LIBRARY = "libc++";
				CLANG_ENABLE_MODULES = YES;
				CLANG_ENABLE_OBJC_ARC = YES;
				CLANG_WARN_BOOL_CONVERSION = YES;
				CLANG_WARN_CONSTANT_CONVERSION = YES;
				CLANG_WARN_DIRECT_OBJC_ISA_USAGE = YES_ERROR;
				CLANG_WARN_EMPTY_BODY = YES;
				CLANG_WARN_ENUM_CONVERSION = YES;
				CLANG_WARN_INT_CONVERSION = YES;
				CLANG_WARN_OBJC_ROOT_CLASS = YES_ERROR;
				CLANG_WARN_UNREACHABLE_CODE = YES;
				CLANG_WARN__DUPLICATE_METHOD_MATCH = YES;
				"CODE_SIGN_IDENTITY[sdk=iphoneos*]" = "iPhone Developer";
				COPY_PHASE_STRIP = NO;
				DEBUG_INFORMATION_FORMAT = dwarf;
				ENABLE_STRICT_OBJC_MSGSEND = YES;
				ENABLE_TESTABILITY = YES;
				GCC_C_LANGUAGE_STANDARD = gnu99;
				GCC_DYNAMIC_NO_PIC = NO;
				GCC_NO_COMMON_BLOCKS = YES;
				GCC_OPTIMIZATION_LEVEL = 0;
				GCC_PREPROCESSOR_DEFINITIONS = (
					"DEBUG=1",
					"$(inherited)",
				);
				GCC_WARN_64_TO_32_BIT_CONVERSION = YES;
				GCC_WARN_ABOUT_RETURN_TYPE = YES_ERROR;
				GCC_WARN_UNDECLARED_SELECTOR = YES;
				GCC_WARN_UNINITIALIZED_AUTOS = YES_AGGRESSIVE;
				GCC_WARN_UNUSED_FUNCTION = YES;
				GCC_WARN_UNUSED_VARIABLE = YES;
				IPHONEOS_DEPLOYMENT_TARGET = 9.3;
				MTL_ENABLE_DEBUG_INFO = YES;
				ONLY_ACTIVE_ARCH = YES;
				SDKROOT = iphoneos;
				SWIFT_OPTIMIZATION_LEVEL = "-Onone";
				TARGETED_DEVICE_FAMILY = "1,2";
			};
			name = Debug;
		};
		F247A0F71D118B8C008645DF /* Release */ = {
			isa = XCBuildConfiguration;
			buildSettings = {
				ALWAYS_SEARCH_USER_PATHS = NO;
				CLANG_ANALYZER_NONNULL = YES;
				CLANG_CXX_LANGUAGE_STANDARD = "gnu++0x";
				CLANG_CXX_LIBRARY = "libc++";
				CLANG_ENABLE_MODULES = YES;
				CLANG_ENABLE_OBJC_ARC = YES;
				CLANG_WARN_BOOL_CONVERSION = YES;
				CLANG_WARN_CONSTANT_CONVERSION = YES;
				CLANG_WARN_DIRECT_OBJC_ISA_USAGE = YES_ERROR;
				CLANG_WARN_EMPTY_BODY = YES;
				CLANG_WARN_ENUM_CONVERSION = YES;
				CLANG_WARN_INT_CONVERSION = YES;
				CLANG_WARN_OBJC_ROOT_CLASS = YES_ERROR;
				CLANG_WARN_UNREACHABLE_CODE = YES;
				CLANG_WARN__DUPLICATE_METHOD_MATCH = YES;
				"CODE_SIGN_IDENTITY[sdk=iphoneos*]" = "iPhone Developer";
				COPY_PHASE_STRIP = NO;
				DEBUG_INFORMATION_FORMAT = "dwarf-with-dsym";
				ENABLE_NS_ASSERTIONS = NO;
				ENABLE_STRICT_OBJC_MSGSEND = YES;
				GCC_C_LANGUAGE_STANDARD = gnu99;
				GCC_NO_COMMON_BLOCKS = YES;
				GCC_WARN_64_TO_32_BIT_CONVERSION = YES;
				GCC_WARN_ABOUT_RETURN_TYPE = YES_ERROR;
				GCC_WARN_UNDECLARED_SELECTOR = YES;
				GCC_WARN_UNINITIALIZED_AUTOS = YES_AGGRESSIVE;
				GCC_WARN_UNUSED_FUNCTION = YES;
				GCC_WARN_UNUSED_VARIABLE = YES;
				IPHONEOS_DEPLOYMENT_TARGET = 9.3;
				MTL_ENABLE_DEBUG_INFO = NO;
				SDKROOT = iphoneos;
				TARGETED_DEVICE_FAMILY = "1,2";
				VALIDATE_PRODUCT = YES;
			};
			name = Release;
		};
		F247A0F91D118B8C008645DF /* Debug */ = {
			isa = XCBuildConfiguration;
			buildSettings = {
				ASSETCATALOG_COMPILER_APPICON_NAME = AppIcon;
				INFOPLIST_FILE = MemeMe/Info.plist;
				LD_RUNPATH_SEARCH_PATHS = "$(inherited) @executable_path/Frameworks";
				PRODUCT_BUNDLE_IDENTIFIER = com.watarusekiguchi.MemeMe;
				PRODUCT_NAME = "$(TARGET_NAME)";
			};
			name = Debug;
		};
		F247A0FA1D118B8C008645DF /* Release */ = {
			isa = XCBuildConfiguration;
			buildSettings = {
				ASSETCATALOG_COMPILER_APPICON_NAME = AppIcon;
				INFOPLIST_FILE = MemeMe/Info.plist;
				LD_RUNPATH_SEARCH_PATHS = "$(inherited) @executable_path/Frameworks";
				PRODUCT_BUNDLE_IDENTIFIER = com.watarusekiguchi.MemeMe;
				PRODUCT_NAME = "$(TARGET_NAME)";
			};
			name = Release;
		};
		F247A0FC1D118B8C008645DF /* Debug */ = {
			isa = XCBuildConfiguration;
			buildSettings = {
				BUNDLE_LOADER = "$(TEST_HOST)";
				INFOPLIST_FILE = MemeMeTests/Info.plist;
				LD_RUNPATH_SEARCH_PATHS = "$(inherited) @executable_path/Frameworks @loader_path/Frameworks";
				PRODUCT_BUNDLE_IDENTIFIER = com.watarusekiguchi.MemeMeTests;
				PRODUCT_NAME = "$(TARGET_NAME)";
				TEST_HOST = "$(BUILT_PRODUCTS_DIR)/MemeMe.app/MemeMe";
			};
			name = Debug;
		};
		F247A0FD1D118B8C008645DF /* Release */ = {
			isa = XCBuildConfiguration;
			buildSettings = {
				BUNDLE_LOADER = "$(TEST_HOST)";
				INFOPLIST_FILE = MemeMeTests/Info.plist;
				LD_RUNPATH_SEARCH_PATHS = "$(inherited) @executable_path/Frameworks @loader_path/Frameworks";
				PRODUCT_BUNDLE_IDENTIFIER = com.watarusekiguchi.MemeMeTests;
				PRODUCT_NAME = "$(TARGET_NAME)";
				TEST_HOST = "$(BUILT_PRODUCTS_DIR)/MemeMe.app/MemeMe";
			};
			name = Release;
		};
		F247A0FF1D118B8C008645DF /* Debug */ = {
			isa = XCBuildConfiguration;
			buildSettings = {
				INFOPLIST_FILE = MemeMeUITests/Info.plist;
				LD_RUNPATH_SEARCH_PATHS = "$(inherited) @executable_path/Frameworks @loader_path/Frameworks";
				PRODUCT_BUNDLE_IDENTIFIER = com.watarusekiguchi.MemeMeUITests;
				PRODUCT_NAME = "$(TARGET_NAME)";
				TEST_TARGET_NAME = MemeMe;
			};
			name = Debug;
		};
		F247A1001D118B8C008645DF /* Release */ = {
			isa = XCBuildConfiguration;
			buildSettings = {
				INFOPLIST_FILE = MemeMeUITests/Info.plist;
				LD_RUNPATH_SEARCH_PATHS = "$(inherited) @executable_path/Frameworks @loader_path/Frameworks";
				PRODUCT_BUNDLE_IDENTIFIER = com.watarusekiguchi.MemeMeUITests;
				PRODUCT_NAME = "$(TARGET_NAME)";
				TEST_TARGET_NAME = MemeMe;
			};
			name = Release;
		};
/* End XCBuildConfiguration section */

/* Begin XCConfigurationList section */
		F247A0CB1D118B89008645DF /* Build configuration list for PBXProject "MemeMe" */ = {
			isa = XCConfigurationList;
			buildConfigurations = (
				F247A0F61D118B8C008645DF /* Debug */,
				F247A0F71D118B8C008645DF /* Release */,
			);
			defaultConfigurationIsVisible = 0;
			defaultConfigurationName = Release;
		};
		F247A0F81D118B8C008645DF /* Build configuration list for PBXNativeTarget "MemeMe" */ = {
			isa = XCConfigurationList;
			buildConfigurations = (
				F247A0F91D118B8C008645DF /* Debug */,
				F247A0FA1D118B8C008645DF /* Release */,
			);
			defaultConfigurationIsVisible = 0;
			defaultConfigurationName = Release;
		};
		F247A0FB1D118B8C008645DF /* Build configuration list for PBXNativeTarget "MemeMeTests" */ = {
			isa = XCConfigurationList;
			buildConfigurations = (
				F247A0FC1D118B8C008645DF /* Debug */,
				F247A0FD1D118B8C008645DF /* Release */,
			);
			defaultConfigurationIsVisible = 0;
			defaultConfigurationName = Release;
		};
		F247A0FE1D118B8C008645DF /* Build configuration list for PBXNativeTarget "MemeMeUITests" */ = {
			isa = XCConfigurationList;
			buildConfigurations = (
				F247A0FF1D118B8C008645DF /* Debug */,
				F247A1001D118B8C008645DF /* Release */,
			);
			defaultConfigurationIsVisible = 0;
			defaultConfigurationName = Release;
		};
/* End XCConfigurationList section */
	};
	rootObject = F247A0C81D118B89008645DF /* Project object */;
}
